
Microsoft Visual Studio Solution File, Format Version 12.00
# Visual Studio Version 17
VisualStudioVersion = 17.3.32825.248
MinimumVisualStudioVersion = 10.0.40219.1
Project("{FAE04EC0-301F-11D3-BF4B-00C04F79EFBC}") = "Week2", "Week2\Week2.csproj", "{DDD14D60-01FC-4F0C-8427-3AF9416F9EBA}"
EndProject
Project("{FAE04EC0-301F-11D3-BF4B-00C04F79EFBC}") = "UserGenderValidation", "UserAgeValidation\UserGenderValidation.csproj", "{28E77C9B-1A12-484F-B454-6C0D8D709586}"
EndProject
Project("{FAE04EC0-301F-11D3-BF4B-00C04F79EFBC}") = "UserAgeValidation1", "UserAgeValidation1\UserAgeValidation1.csproj", "{AAE25213-1C46-4CFD-B187-9E9325B50EAC}"
EndProject
Global
	GlobalSection(SolutionConfigurationPlatforms) = preSolution
		Debug|Any CPU = Debug|Any CPU
		Release|Any CPU = Release|Any CPU
	EndGlobalSection
	GlobalSection(ProjectConfigurationPlatforms) = postSolution
		{DDD14D60-01FC-4F0C-8427-3AF9416F9EBA}.Debug|Any CPU.ActiveCfg = Debug|Any CPU
		{DDD14D60-01FC-4F0C-8427-3AF9416F9EBA}.Debug|Any CPU.Build.0 = Debug|Any CPU
		{DDD14D60-01FC-4F0C-8427-3AF9416F9EBA}.Release|Any CPU.ActiveCfg = Release|Any CPU
		{DDD14D60-01FC-4F0C-8427-3AF9416F9EBA}.Release|Any CPU.Build.0 = Release|Any CPU
		{28E77C9B-1A12-484F-B454-6C0D8D709586}.Debug|Any CPU.ActiveCfg = Debug|Any CPU
		{28E77C9B-1A12-484F-B454-6C0D8D709586}.Debug|Any CPU.Build.0 = Debug|Any CPU
		{28E77C9B-1A12-484F-B454-6C0D8D709586}.Release|Any CPU.ActiveCfg = Release|Any CPU
		{28E77C9B-1A12-484F-B454-6C0D8D709586}.Release|Any CPU.Build.0 = Release|Any CPU
		{AAE25213-1C46-4CFD-B187-9E9325B50EAC}.Debug|Any CPU.ActiveCfg = Debug|Any CPU
		{AAE25213-1C46-4CFD-B187-9E9325B50EAC}.Debug|Any CPU.Build.0 = Debug|Any CPU
		{AAE25213-1C46-4CFD-B187-9E9325B50EAC}.Release|Any CPU.ActiveCfg = Release|Any CPU
		{AAE25213-1C46-4CFD-B187-9E9325B50EAC}.Release|Any CPU.Build.0 = Release|Any CPU
	EndGlobalSection
	GlobalSection(SolutionProperties) = preSolution
		HideSolutionNode = FALSE
	EndGlobalSection
	GlobalSection(ExtensibilityGlobals) = postSolution
		SolutionGuid = {C714CC51-4EB4-44E4-AEBC-07E0F5867B36}
	EndGlobalSection
EndGlobal
